# THIS IS AN AUTOGENERATED FILE. DO NOT EDIT THIS FILE DIRECTLY.
# yarn lockfile v1


"@jridgewell/gen-mapping@^0.3.0":
  version "0.3.3"
  resolved "https://registry.npmjs.org/@jridgewell/gen-mapping/-/gen-mapping-0.3.3.tgz"
  integrity sha512-HLhSWOLRi875zjjMG/r+Nv0oCW8umGb0BgEhyX3dDX3egwZtB8PqLnjz3yedt8R5StBrzcg4aBpnh8UA9D1BoQ==
  dependencies:
    "@jridgewell/set-array" "^1.0.1"
    "@jridgewell/sourcemap-codec" "^1.4.10"
    "@jridgewell/trace-mapping" "^0.3.9"

"@jridgewell/resolve-uri@^3.1.0":
  version "3.1.1"
  resolved "https://registry.npmjs.org/@jridgewell/resolve-uri/-/resolve-uri-3.1.1.tgz"
  integrity sha512-dSYZh7HhCDtCKm4QakX0xFpsRDqjjtZf/kjI/v3T3Nwt5r8/qz/M19F9ySyOqU94SXBmeG9ttTul+YnR4LOxFA==

"@jridgewell/set-array@^1.0.1":
  version "1.1.2"
  resolved "https://registry.npmjs.org/@jridgewell/set-array/-/set-array-1.1.2.tgz"
  integrity sha512-xnkseuNADM0gt2bs+BvhO0p78Mk762YnZdsuzFV018NoG1Sj1SCQvpSqa7XUaTam5vAGasABV9qXASMKnFMwMw==

"@jridgewell/source-map@^0.3.5":
  version "0.3.5"
  resolved "https://registry.npmjs.org/@jridgewell/source-map/-/source-map-0.3.5.tgz"
  integrity sha512-UTYAUj/wviwdsMfzoSJspJxbkH5o1snzwX0//0ENX1u/55kkZZkcTZP6u9bwKGkv+dkk9at4m1Cpt0uY80kcpQ==
  dependencies:
    "@jridgewell/gen-mapping" "^0.3.0"
    "@jridgewell/trace-mapping" "^0.3.9"

"@jridgewell/sourcemap-codec@^1.4.10", "@jridgewell/sourcemap-codec@^1.4.14", "@jridgewell/sourcemap-codec@^1.4.15":
  version "1.4.15"
  resolved "https://registry.npmjs.org/@jridgewell/sourcemap-codec/-/sourcemap-codec-1.4.15.tgz"
  integrity sha512-eF2rxCRulEKXHTRiDrDy6erMYWqNw4LPdQ8UQA4huuxaQsVeRPFl2oM8oDGxMFhJUWZf9McpLtJasDDZb/Bpeg==

"@jridgewell/trace-mapping@^0.3.9":
  version "0.3.22"
  resolved "https://registry.npmjs.org/@jridgewell/trace-mapping/-/trace-mapping-0.3.22.tgz"
  integrity sha512-Wf963MzWtA2sjrNt+g18IAln9lKnlRp+K2eH4jjIoF1wYeq3aMREpG09xhlhdzS0EjwU7qmUJYangWa+151vZw==
  dependencies:
    "@jridgewell/resolve-uri" "^3.1.0"
    "@jridgewell/sourcemap-codec" "^1.4.14"

"@rerun-io/web-viewer-react@file:/home/jp/rerun-io/rerun/rerun_js/web-viewer-react":
  version "0.13.0"
  resolved "file:web-viewer-react"
  dependencies:
    "@rerun-io/web-viewer" "0.13.0"
    "@types/react" "^18.2.33"
    react "^18.2.0"

"@rerun-io/web-viewer@0.13.0", "@rerun-io/web-viewer@file:/home/jp/rerun-io/rerun/rerun_js/web-viewer":
  version "0.13.0"
  resolved "file:web-viewer"

"@types/prop-types@*":
  version "15.7.11"
  resolved "https://registry.npmjs.org/@types/prop-types/-/prop-types-15.7.11.tgz"
  integrity sha512-ga8y9v9uyeiLdpKddhxYQkxNDrfvuPrlFb0N1qnZZByvcElJaXthF1UhvCh9TLWJBEHeNtdnbysW7Y6Uq8CVng==

"@types/react@^18.2.33":
  version "18.2.55"
  resolved "https://registry.npmjs.org/@types/react/-/react-18.2.55.tgz"
  integrity sha512-Y2Tz5P4yz23brwm2d7jNon39qoAtMMmalOQv6+fEFt1mT+FcM3D841wDpoUvFXhaYenuROCy3FZYqdTjM7qVyA==
  dependencies:
    "@types/prop-types" "*"
    "@types/scheduler" "*"
    csstype "^3.0.2"

"@types/scheduler@*":
  version "0.16.8"
  resolved "https://registry.npmjs.org/@types/scheduler/-/scheduler-0.16.8.tgz"
  integrity sha512-WZLiwShhwLRmeV6zH+GkbOFT6Z6VklCItrDioxUnv+u4Ll+8vKeFySoFyK/0ctcRpOmwAicELfmys1sDc/Rw+A==

csstype@^3.0.2:
  version "3.1.3"
  resolved "https://registry.npmjs.org/csstype/-/csstype-3.1.3.tgz"
  integrity sha512-M1uQkMl8rQK/szD0LNhtqxIPLpimGm8sOBwU7lLnCpSbTyY3yeU1Vc7l4KT5zT4s/yOxHH5O7tIuuLOCnLADRw==

dts-buddy@^0.3.0:
  version "0.3.0"
  resolved "https://registry.npmjs.org/dts-buddy/-/dts-buddy-0.3.0.tgz"
  integrity sha512-O/l2Sw//bCpqJVWOQ+8xh54QLRGg4dh+42mONTRyxbIPEpXzN9pOJXYNDOWndPGlgJWMNhlQIUGYxnEcZ83c+g==
  dependencies:
    "@jridgewell/source-map" "^0.3.5"
    "@jridgewell/sourcemap-codec" "^1.4.15"
    globrex "^0.1.2"
    kleur "^4.1.5"
    locate-character "^3.0.0"
    magic-string "^0.30.4"
    sade "^1.8.1"
    tiny-glob "^0.2.9"
    ts-api-utils "^1.0.3"

globalyzer@0.1.0:
  version "0.1.0"
  resolved "https://registry.npmjs.org/globalyzer/-/globalyzer-0.1.0.tgz"
  integrity sha512-40oNTM9UfG6aBmuKxk/giHn5nQ8RVz/SS4Ir6zgzOv9/qC3kKZ9v4etGTcJbEl/NyVQH7FGU7d+X1egr57Md2Q==

globrex@^0.1.2:
  version "0.1.2"
  resolved "https://registry.npmjs.org/globrex/-/globrex-0.1.2.tgz"
  integrity sha512-uHJgbwAMwNFf5mLst7IWLNg14x1CkeqglJb/K3doi4dw6q2IvAAmM/Y81kevy83wP+Sst+nutFTYOGg3d1lsxg==

"js-tokens@^3.0.0 || ^4.0.0":
  version "4.0.0"
  resolved "https://registry.npmjs.org/js-tokens/-/js-tokens-4.0.0.tgz"
  integrity sha512-RdJUflcE3cUzKiMqQgsCu06FPu9UdIJO0beYbPhHN4k6apgJtifcoCtT9bcxOpYBtpD2kCM6Sbzg4CausW/PKQ==

kleur@^4.1.5:
  version "4.1.5"
  resolved "https://registry.npmjs.org/kleur/-/kleur-4.1.5.tgz"
  integrity sha512-o+NO+8WrRiQEE4/7nwRJhN1HWpVmJm511pBHUxPLtp0BUISzlBplORYSmTclCnJvQq2tKu/sgl3xVpkc7ZWuQQ==

locate-character@^3.0.0:
  version "3.0.0"
  resolved "https://registry.npmjs.org/locate-character/-/locate-character-3.0.0.tgz"
  integrity sha512-SW13ws7BjaeJ6p7Q6CO2nchbYEc3X3J6WrmTTDto7yMPqVSZTUyY5Tjbid+Ab8gLnATtygYtiDIJGQRRn2ZOiA==

loose-envify@^1.1.0:
  version "1.4.0"
  resolved "https://registry.npmjs.org/loose-envify/-/loose-envify-1.4.0.tgz"
  integrity sha512-lyuxPGr/Wfhrlem2CL/UcnUc1zcqKAImBDzukY7Y5F/yQiNdko6+fRLevlw1HgMySw7f611UIY408EtxRSoK3Q==
  dependencies:
    js-tokens "^3.0.0 || ^4.0.0"

magic-string@^0.30.4:
  version "0.30.7"
  resolved "https://registry.npmjs.org/magic-string/-/magic-string-0.30.7.tgz"
  integrity sha512-8vBuFF/I/+OSLRmdf2wwFCJCz+nSn0m6DPvGH1fS/KiQoSaR+sETbov0eIk9KhEKy8CYqIkIAnbohxT/4H0kuA==
  dependencies:
    "@jridgewell/sourcemap-codec" "^1.4.15"

mri@^1.1.0:
  version "1.2.0"
  resolved "https://registry.npmjs.org/mri/-/mri-1.2.0.tgz"
  integrity sha512-tzzskb3bG8LvYGFF/mDTpq3jpI6Q9wc3LEmBaghu+DdCssd1FakN7Bc0hVNmEyGq1bq3RgfkCb3cmQLpNPOroA==

react@^18.2.0:
  version "18.2.0"
  resolved "https://registry.npmjs.org/react/-/react-18.2.0.tgz"
  integrity sha512-/3IjMdb2L9QbBdWiW5e3P2/npwMBaU9mHCSCUzNln0ZCYbcfTsGbTJrU/kGemdH2IWmB2ioZ+zkxtmq6g09fGQ==
  dependencies:
    loose-envify "^1.1.0"

sade@^1.8.1:
  version "1.8.1"
  resolved "https://registry.npmjs.org/sade/-/sade-1.8.1.tgz"
  integrity sha512-xal3CZX1Xlo/k4ApwCFrHVACi9fBqJ7V+mwhBsuf/1IOKbBy098Fex+Wa/5QMubw09pSZ/u8EY8PWgevJsXp1A==
  dependencies:
    mri "^1.1.0"

tiny-glob@^0.2.9:
  version "0.2.9"
  resolved "https://registry.npmjs.org/tiny-glob/-/tiny-glob-0.2.9.tgz"
  integrity sha512-g/55ssRPUjShh+xkfx9UPDXqhckHEsHr4Vd9zX55oSdGZc/MD0m3sferOkwWtp98bv+kcVfEHtRJgBVJzelrzg==
  dependencies:
    globalyzer "0.1.0"
    globrex "^0.1.2"

ts-api-utils@^1.0.3:
  version "1.2.1"
  resolved "https://registry.npmjs.org/ts-api-utils/-/ts-api-utils-1.2.1.tgz"
  integrity sha512-RIYA36cJn2WiH9Hy77hdF9r7oEwxAtB/TS9/S4Qd90Ap4z5FSiin5zEiTL44OII1Y3IIlEvxwxFUVgrHSZ/UpA==

typescript@^5.2.2, typescript@>=4.2.0, "typescript@>=5.0.4 <5.3":
  version "5.3.3"
  resolved "https://registry.npmjs.org/typescript/-/typescript-5.3.3.tgz"
  integrity sha512-pXWcraxM0uxAS+tN0AG/BF2TyqmHO014Z070UsJ+pFvYuRSq8KH8DmWpnbXe0pEPDHXZV3FcAbJkijJ5oNEnWw==
